{
  "name": "cloudflare-worker-s3",
  "version": "1.0.0",
  "lockfileVersion": 2,
  "requires": true,
  "packages": {
    "": {
      "name": "cloudflare-worker-s3",
      "version": "1.0.0",
      "license": "MIT",
      "dependencies": {
        "aws4fetch": "^1.0.13"
      }
    },
    "node_modules/aws4fetch": {
      "version": "1.0.13",
      "resolved": "https://registry.npmjs.org/aws4fetch/-/aws4fetch-1.0.13.tgz",
      "integrity": "sha512-UTlirJkLtGbJurR9PlL4rOZ9HM1G/1/joWItpVwQ0f7j5Alldd7rfCMcy2kd0l2nDZ4LBdd6cFhrMwsEtazCNw=="
    }
  },
  "dependencies": {
    "aws4fetch": {
      "version": "1.0.13",
      "resolved": "https://registry.npmjs.org/aws4fetch/-/aws4fetch-1.0.13.tgz",
      "integrity": "sha512-UTlirJkLtGbJurR9PlL4rOZ9HM1G/1/joWItpVwQ0f7j5Alldd7rfCMcy2kd0l2nDZ4LBdd6cFhrMwsEtazCNw=="
    }
  }
}
