{
  "name": "cloudflare-worker-s3",
  "version": "1.0.0",
  "lockfileVersion": 2,
  "requires": true,
  "packages": {
    "": {
      "name": "cloudflare-worker-s3",
      "version": "1.0.0",
      "license": "MIT",
      "dependencies": {
        "aws4fetch": "^1.0.3"
      }
    },
    "node_modules/aws4fetch": {
      "version": "1.0.3",
      "resolved": "https://registry.npmjs.org/aws4fetch/-/aws4fetch-1.0.3.tgz",
      "integrity": "sha512-82agcuWU8OkEby5i6pECw1eex89Zmre9I1RPi5TcF7EdKvoWdxBmfuzi3/aYqfxAvrGuC72hZAZtitkn5nqlJg=="
    }
  },
  "dependencies": {
    "aws4fetch": {
      "version": "1.0.3",
      "resolved": "https://registry.npmjs.org/aws4fetch/-/aws4fetch-1.0.3.tgz",
      "integrity": "sha512-82agcuWU8OkEby5i6pECw1eex89Zmre9I1RPi5TcF7EdKvoWdxBmfuzi3/aYqfxAvrGuC72hZAZtitkn5nqlJg=="
    }
  }
}
